
Microsoft Visual Studio Solution File, Format Version 12.00
# Visual Studio Version 16
VisualStudioVersion = 16.0.28803.352
MinimumVisualStudioVersion = 10.0.40219.1
Project("{FAE04EC0-301F-11D3-BF4B-00C04F79EFBC}") = "Ch06Ex02", "Ch06Ex02\Ch06Ex02.csproj", "{D31E6C77-466B-4D9A-9D68-939AF7F909FE}"
EndProject
Global
	GlobalSection(SolutionConfigurationPlatforms) = preSolution
		Debug|Any CPU = Debug|Any CPU
		Release|Any CPU = Release|Any CPU
	EndGlobalSection
	GlobalSection(ProjectConfigurationPlatforms) = postSolution
		{D31E6C77-466B-4D9A-9D68-939AF7F909FE}.Debug|Any CPU.ActiveCfg = Debug|Any CPU
		{D31E6C77-466B-4D9A-9D68-939AF7F909FE}.Debug|Any CPU.Build.0 = Debug|Any CPU
		{D31E6C77-466B-4D9A-9D68-939AF7F909FE}.Release|Any CPU.ActiveCfg = Release|Any CPU
		{D31E6C77-466B-4D9A-9D68-939AF7F909FE}.Release|Any CPU.Build.0 = Release|Any CPU
	EndGlobalSection
	GlobalSection(SolutionProperties) = preSolution
		HideSolutionNode = FALSE
	EndGlobalSection
	GlobalSection(ExtensibilityGlobals) = postSolution
		SolutionGuid = {3653D1FE-C1D8-42D8-85D1-6712F9EA9F68}
	EndGlobalSection
EndGlobal
